
Microsoft Visual Studio Solution File, Format Version 12.00
# Visual Studio Version 17
VisualStudioVersion = 17.12.35527.113 d17.12
MinimumVisualStudioVersion = 10.0.40219.1
Project("{FAE04EC0-301F-11D3-BF4B-00C04F79EFBC}") = "Conversor_de_temperaturas", "Conversor_de_temperaturas.csproj", "{29E41422-29C2-4DBE-83A5-449910236713}"
EndProject
Global
	GlobalSection(SolutionConfigurationPlatforms) = preSolution
		Debug|Any CPU = Debug|Any CPU
		Release|Any CPU = Release|Any CPU
	EndGlobalSection
	GlobalSection(ProjectConfigurationPlatforms) = postSolution
		{29E41422-29C2-4DBE-83A5-449910236713}.Debug|Any CPU.ActiveCfg = Debug|Any CPU
		{29E41422-29C2-4DBE-83A5-449910236713}.Debug|Any CPU.Build.0 = Debug|Any CPU
		{29E41422-29C2-4DBE-83A5-449910236713}.Release|Any CPU.ActiveCfg = Release|Any CPU
		{29E41422-29C2-4DBE-83A5-449910236713}.Release|Any CPU.Build.0 = Release|Any CPU
	EndGlobalSection
	GlobalSection(SolutionProperties) = preSolution
		HideSolutionNode = FALSE
	EndGlobalSection
EndGlobal
